
Microsoft Visual Studio Solution File, Format Version 12.00
# Visual Studio Version 17
VisualStudioVersion = 17.8.34219.65
MinimumVisualStudioVersion = 10.0.40219.1
Project("{FAE04EC0-301F-11D3-BF4B-00C04F79EFBC}") = "ConversionToolsBox", "ConversionToolsBox.csproj", "{274FF700-A98D-4D01-B411-7199B1967713}"
EndProject
Global
	GlobalSection(SolutionConfigurationPlatforms) = preSolution
		Debug|Any CPU = Debug|Any CPU
		Release|Any CPU = Release|Any CPU
	EndGlobalSection
	GlobalSection(ProjectConfigurationPlatforms) = postSolution
		{274FF700-A98D-4D01-B411-7199B1967713}.Debug|Any CPU.ActiveCfg = Debug|Any CPU
		{274FF700-A98D-4D01-B411-7199B1967713}.Debug|Any CPU.Build.0 = Debug|Any CPU
		{274FF700-A98D-4D01-B411-7199B1967713}.Release|Any CPU.ActiveCfg = Release|Any CPU
		{274FF700-A98D-4D01-B411-7199B1967713}.Release|Any CPU.Build.0 = Release|Any CPU
	EndGlobalSection
	GlobalSection(SolutionProperties) = preSolution
		HideSolutionNode = FALSE
	EndGlobalSection
	GlobalSection(ExtensibilityGlobals) = postSolution
		SolutionGuid = {E54BC7BA-A5E3-4156-A0CA-4E3952724B88}
	EndGlobalSection
EndGlobal
